
Microsoft Visual Studio Solution File, Format Version 12.00
# Visual Studio 14
VisualStudioVersion = 14.0.23107.0
MinimumVisualStudioVersion = 10.0.40219.1
Project("{FAE04EC0-301F-11D3-BF4B-00C04F79EFBC}") = "FlightRadar.UI", "FlightRadar.UI\FlightRadar.UI.csproj", "{9AAD7D98-0214-41CB-B0F9-271673D123F7}"
EndProject
Project("{FAE04EC0-301F-11D3-BF4B-00C04F79EFBC}") = "FlightRadar.Model", "FlightRadar.Model\FlightRadar.Model.csproj", "{B92780EE-F31B-4DCB-ABFE-B7E08BC7E6D6}"
EndProject
Project("{FAE04EC0-301F-11D3-BF4B-00C04F79EFBC}") = "FlightRadar.Test", "FlightRadar.Test\FlightRadar.Test.csproj", "{D75F054E-ADF4-4DF5-8D8D-FA12A3FF0EB6}"
EndProject
Project("{FAE04EC0-301F-11D3-BF4B-00C04F79EFBC}") = "FlightRadar.DataAccess", "FlightRadar.DataAccess\FlightRadar.DataAccess.csproj", "{7334A936-0D2E-477C-A47A-C94BD25EFD52}"
EndProject
Project("{FAE04EC0-301F-11D3-BF4B-00C04F79EFBC}") = "FlightRadar.Service", "FlightRadar.Service\FlightRadar.Service.csproj", "{804C1D2D-D439-4FD0-8A7A-CA406F2C7BEF}"
EndProject
Global
	GlobalSection(SolutionConfigurationPlatforms) = preSolution
		Debug|Any CPU = Debug|Any CPU
		Release|Any CPU = Release|Any CPU
	EndGlobalSection
	GlobalSection(ProjectConfigurationPlatforms) = postSolution
		{9AAD7D98-0214-41CB-B0F9-271673D123F7}.Debug|Any CPU.ActiveCfg = Debug|Any CPU
		{9AAD7D98-0214-41CB-B0F9-271673D123F7}.Debug|Any CPU.Build.0 = Debug|Any CPU
		{9AAD7D98-0214-41CB-B0F9-271673D123F7}.Release|Any CPU.ActiveCfg = Release|Any CPU
		{9AAD7D98-0214-41CB-B0F9-271673D123F7}.Release|Any CPU.Build.0 = Release|Any CPU
		{B92780EE-F31B-4DCB-ABFE-B7E08BC7E6D6}.Debug|Any CPU.ActiveCfg = Debug|Any CPU
		{B92780EE-F31B-4DCB-ABFE-B7E08BC7E6D6}.Debug|Any CPU.Build.0 = Debug|Any CPU
		{B92780EE-F31B-4DCB-ABFE-B7E08BC7E6D6}.Release|Any CPU.ActiveCfg = Release|Any CPU
		{B92780EE-F31B-4DCB-ABFE-B7E08BC7E6D6}.Release|Any CPU.Build.0 = Release|Any CPU
		{D75F054E-ADF4-4DF5-8D8D-FA12A3FF0EB6}.Debug|Any CPU.ActiveCfg = Debug|Any CPU
		{D75F054E-ADF4-4DF5-8D8D-FA12A3FF0EB6}.Debug|Any CPU.Build.0 = Debug|Any CPU
		{D75F054E-ADF4-4DF5-8D8D-FA12A3FF0EB6}.Release|Any CPU.ActiveCfg = Release|Any CPU
		{D75F054E-ADF4-4DF5-8D8D-FA12A3FF0EB6}.Release|Any CPU.Build.0 = Release|Any CPU
		{7334A936-0D2E-477C-A47A-C94BD25EFD52}.Debug|Any CPU.ActiveCfg = Debug|Any CPU
		{7334A936-0D2E-477C-A47A-C94BD25EFD52}.Debug|Any CPU.Build.0 = Debug|Any CPU
		{7334A936-0D2E-477C-A47A-C94BD25EFD52}.Release|Any CPU.ActiveCfg = Release|Any CPU
		{7334A936-0D2E-477C-A47A-C94BD25EFD52}.Release|Any CPU.Build.0 = Release|Any CPU
		{804C1D2D-D439-4FD0-8A7A-CA406F2C7BEF}.Debug|Any CPU.ActiveCfg = Debug|Any CPU
		{804C1D2D-D439-4FD0-8A7A-CA406F2C7BEF}.Debug|Any CPU.Build.0 = Debug|Any CPU
		{804C1D2D-D439-4FD0-8A7A-CA406F2C7BEF}.Release|Any CPU.ActiveCfg = Release|Any CPU
		{804C1D2D-D439-4FD0-8A7A-CA406F2C7BEF}.Release|Any CPU.Build.0 = Release|Any CPU
	EndGlobalSection
	GlobalSection(SolutionProperties) = preSolution
		HideSolutionNode = FALSE
	EndGlobalSection
EndGlobal
